hash: 3faae801bfc2aabaa070cdedca9905b1fedb280eed0e0996307db059839772f0
updated: 2017-01-16T03:12:01.698722552+07:00
imports:
- name: github.com/btcsuite/btcd
  version: 0efea24aa6a7f29ef528cf63b3a7fb3606b1f6f2
  subpackages:
  - btcec
- name: github.com/go-stack/stack
  version: 100eb0c0a9c5b306ca2fb4f165df21d80ada4b82
- name: github.com/golang/protobuf
  version: 8ee79997227bf9b34611aee7946ae64735e6fd93
  subpackages:
  - proto
- name: github.com/gorilla/context
  version: 08b5f424b9271eedf6f9f0ce86cb9396ed337a42
- name: github.com/gorilla/mux
  version: 0eeaf8392f5b04950925b8a69fe70f110fa7cbfc
- name: github.com/gorilla/securecookie
  version: fa5329f913702981df43dcb2a380bac429c810b5
- name: github.com/gorilla/sessions
  version: ca9ada44574153444b00d3fd9c8559e4cc95f896
- name: github.com/mattn/go-colorable
  version: d228849504861217f796da67fae4f6e347643f15
- name: github.com/mattn/go-isatty
  version: 30a891c33c7cde7b02a981314b4228ec99380cca
- name: github.com/mattn/go-sqlite3
  version: ca5e3819723d8eeaf170ad510e7da1d6d2e94a08
- name: github.com/tendermint/abci
  version: 699d45bc678865b004b90213bf88a950f420973b
  subpackages:
  - server
  - types
- name: github.com/tendermint/ed25519
  version: 1f52c6f8b8a5c7908aff4497c186af344b428925
  subpackages:
  - edwards25519
  - extra25519
- name: github.com/tendermint/go-common
  version: e289af53b6bf6af28da129d9ef64389a4cf7987f
- name: github.com/tendermint/go-crypto
  version: 4b11d62bdb324027ea01554e5767b71174680ba0
- name: github.com/tendermint/go-logger
  version: cefb3a45c0bf3c493a04e9bcd9b1540528be59f2
- name: github.com/tendermint/go-wire
  version: 2f3b7aafe21c80b19b6ee3210ecb3e3d07c7a471
- name: github.com/tendermint/log15
  version: ae0f3d6450da9eac7074b439c8e1c3cabf0d5ce6
  subpackages:
  - term
- name: golang.org/x/crypto
  version: 2f8be38b9a7533b8763d48273737ff6e90428a96
  subpackages:
  - nacl/secretbox
  - openpgp/armor
  - openpgp/errors
  - poly1305
  - ripemd160
  - salsa20/salsa
- name: golang.org/x/net
  version: f2499483f923065a842d38eb4c7f1927e6fc6e6d
  subpackages:
  - context
  - http2
  - http2/hpack
  - idna
  - internal/timeseries
  - lex/httplex
  - trace
- name: golang.org/x/sys
  version: d75a52659825e75fff6158388dddc6a5b04f9ba5
  subpackages:
  - unix
- name: google.golang.org/grpc
  version: 50955793b0183f9de69bd78e2ec251cf20aab121
  subpackages:
  - codes
  - credentials
  - grpclog
  - internal
  - metadata
  - naming
  - peer
  - stats
  - tap
  - transport
testImports: []
